
Microsoft Visual Studio Solution File, Format Version 12.00
# Visual Studio Version 16
VisualStudioVersion = 16.0.31624.102
MinimumVisualStudioVersion = 10.0.40219.1
Project("{FAE04EC0-301F-11D3-BF4B-00C04F79EFBC}") = "Newkvo1d1", "Newkvo1d1\Newkvo1d1.csproj", "{0B62B461-1E37-4FEC-8FD1-63DDD2B09A69}"
EndProject
Global
	GlobalSection(SolutionConfigurationPlatforms) = preSolution
		Debug|Any CPU = Debug|Any CPU
		Release|Any CPU = Release|Any CPU
	EndGlobalSection
	GlobalSection(ProjectConfigurationPlatforms) = postSolution
		{0B62B461-1E37-4FEC-8FD1-63DDD2B09A69}.Debug|Any CPU.ActiveCfg = Debug|Any CPU
		{0B62B461-1E37-4FEC-8FD1-63DDD2B09A69}.Debug|Any CPU.Build.0 = Debug|Any CPU
		{0B62B461-1E37-4FEC-8FD1-63DDD2B09A69}.Release|Any CPU.ActiveCfg = Release|Any CPU
		{0B62B461-1E37-4FEC-8FD1-63DDD2B09A69}.Release|Any CPU.Build.0 = Release|Any CPU
	EndGlobalSection
	GlobalSection(SolutionProperties) = preSolution
		HideSolutionNode = FALSE
	EndGlobalSection
	GlobalSection(ExtensibilityGlobals) = postSolution
		SolutionGuid = {A67AD9A9-2D0B-483E-A37F-D8E136F8C7EF}
	EndGlobalSection
EndGlobal
